// !$*UTF8*$!
{
	archiveVersion = 1;
	classes = {
	};
	objectVersion = 56;
	objects = {

/* Begin PBXBuildFile section */
		275A0EB02B1B9FC70026F810 /* That_s_MeApp.swift in Sources */ = {isa = PBXBuildFile; fileRef = 275A0EAF2B1B9FC70026F810 /* That_s_MeApp.swift */; };
		275A0EB22B1B9FC70026F810 /* ContentView.swift in Sources */ = {isa = PBXBuildFile; fileRef = 275A0EB12B1B9FC70026F810 /* ContentView.swift */; };
		275A0EB42B1B9FC80026F810 /* Assets.xcassets in Resources */ = {isa = PBXBuildFile; fileRef = 275A0EB32B1B9FC80026F810 /* Assets.xcassets */; };
		275A0EB72B1B9FC80026F810 /* Preview Assets.xcassets in Resources */ = {isa = PBXBuildFile; fileRef = 275A0EB62B1B9FC80026F810 /* Preview Assets.xcassets */; };
		275A0EC12B1BA2A30026F810 /* Color.swift in Sources */ = {isa = PBXBuildFile; fileRef = 275A0EC02B1BA2A30026F810 /* Color.swift */; };
		275A0EC42B1BA3CC0026F810 /* CardView.swift in Sources */ = {isa = PBXBuildFile; fileRef = 275A0EC32B1BA3CC0026F810 /* CardView.swift */; };
		275A0EC62B1BA3D70026F810 /* SettingsView.swift in Sources */ = {isa = PBXBuildFile; fileRef = 275A0EC52B1BA3D70026F810 /* SettingsView.swift */; };
/* End PBXBuildFile section */

/* Begin PBXFileReference section */
		275A0EAC2B1B9FC70026F810 /* That's Me.app */ = {isa = PBXFileReference; explicitFileType = wrapper.application; includeInIndex = 0; path = "That's Me.app"; sourceTree = BUILT_PRODUCTS_DIR; };
		275A0EAF2B1B9FC70026F810 /* That_s_MeApp.swift */ = {isa = PBXFileReference; lastKnownFileType = sourcecode.swift; path = That_s_MeApp.swift; sourceTree = "<group>"; };
		275A0EB12B1B9FC70026F810 /* ContentView.swift */ = {isa = PBXFileReference; lastKnownFileType = sourcecode.swift; path = ContentView.swift; sourceTree = "<group>"; };
		275A0EB32B1B9FC80026F810 /* Assets.xcassets */ = {isa = PBXFileReference; lastKnownFileType = folder.assetcatalog; path = Assets.xcassets; sourceTree = "<group>"; };
		275A0EB62B1B9FC80026F810 /* Preview Assets.xcassets */ = {isa = PBXFileReference; lastKnownFileType = folder.assetcatalog; path = "Preview Assets.xcassets"; sourceTree = "<group>"; };
		275A0EC02B1BA2A30026F810 /* Color.swift */ = {isa = PBXFileReference; lastKnownFileType = sourcecode.swift; path = Color.swift; sourceTree = "<group>"; };
		275A0EC32B1BA3CC0026F810 /* CardView.swift */ = {isa = PBXFileReference; lastKnownFileType = sourcecode.swift; path = CardView.swift; sourceTree = "<group>"; };
		275A0EC52B1BA3D70026F810 /* SettingsView.swift */ = {isa = PBXFileReference; lastKnownFileType = sourcecode.swift; path = SettingsView.swift; sourceTree = "<group>"; };
/* End PBXFileReference section */

/* Begin PBXFrameworksBuildPhase section */
		275A0EA92B1B9FC70026F810 /* Frameworks */ = {
			isa = PBXFrameworksBuildPhase;
			buildActionMask = 2147483647;
			files = (
			);
			runOnlyForDeploymentPostprocessing = 0;
		};
/* End PBXFrameworksBuildPhase section */

/* Begin PBXGroup section */
		275A0EA32B1B9FC70026F810 = {
			isa = PBXGroup;
			children = (
				275A0EAE2B1B9FC70026F810 /* That's Me */,
				275A0EAD2B1B9FC70026F810 /* Products */,
			);
			sourceTree = "<group>";
		};
		275A0EAD2B1B9FC70026F810 /* Products */ = {
			isa = PBXGroup;
			children = (
				275A0EAC2B1B9FC70026F810 /* That's Me.app */,
			);
			name = Products;
			sourceTree = "<group>";
		};
		275A0EAE2B1B9FC70026F810 /* That's Me */ = {
			isa = PBXGroup;
			children = (
				275A0EAF2B1B9FC70026F810 /* That_s_MeApp.swift */,
				275A0EB12B1B9FC70026F810 /* ContentView.swift */,
				275A0EBF2B1BA1590026F810 /* Screen */,
				275A0EBE2B1BA1470026F810 /* Component */,
				275A0EBD2B1BA1320026F810 /* Utility */,
				275A0EB32B1B9FC80026F810 /* Assets.xcassets */,
				275A0EB52B1B9FC80026F810 /* Preview Content */,
			);
			path = "That's Me";
			sourceTree = "<group>";
		};
		275A0EB52B1B9FC80026F810 /* Preview Content */ = {
			isa = PBXGroup;
			children = (
				275A0EB62B1B9FC80026F810 /* Preview Assets.xcassets */,
			);
			path = "Preview Content";
			sourceTree = "<group>";
		};
		275A0EBD2B1BA1320026F810 /* Utility */ = {
			isa = PBXGroup;
			children = (
				275A0EC02B1BA2A30026F810 /* Color.swift */,
			);
			path = Utility;
			sourceTree = "<group>";
		};
		275A0EBE2B1BA1470026F810 /* Component */ = {
			isa = PBXGroup;
			children = (
			);
			path = Component;
			sourceTree = "<group>";
		};
		275A0EBF2B1BA1590026F810 /* Screen */ = {
			isa = PBXGroup;
			children = (
				275A0EC32B1BA3CC0026F810 /* CardView.swift */,
				275A0EC52B1BA3D70026F810 /* SettingsView.swift */,
			);
			path = Screen;
			sourceTree = "<group>";
		};
/* End PBXGroup section */

/* Begin PBXNativeTarget section */
		275A0EAB2B1B9FC70026F810 /* That's Me */ = {
			isa = PBXNativeTarget;
			buildConfigurationList = 275A0EBA2B1B9FC80026F810 /* Build configuration list for PBXNativeTarget "That's Me" */;
			buildPhases = (
				275A0EA82B1B9FC70026F810 /* Sources */,
				275A0EA92B1B9FC70026F810 /* Frameworks */,
				275A0EAA2B1B9FC70026F810 /* Resources */,
			);
			buildRules = (
			);
			dependencies = (
			);
			name = "That's Me";
			productName = "That's Me";
			productReference = 275A0EAC2B1B9FC70026F810 /* That's Me.app */;
			productType = "com.apple.product-type.application";
		};
/* End PBXNativeTarget section */

/* Begin PBXProject section */
		275A0EA42B1B9FC70026F810 /* Project object */ = {
			isa = PBXProject;
			attributes = {
				BuildIndependentTargetsInParallel = 1;
				LastSwiftUpdateCheck = 1500;
				LastUpgradeCheck = 1500;
				TargetAttributes = {
					275A0EAB2B1B9FC70026F810 = {
						CreatedOnToolsVersion = 15.0.1;
					};
				};
			};
			buildConfigurationList = 275A0EA72B1B9FC70026F810 /* Build configuration list for PBXProject "That's Me" */;
			compatibilityVersion = "Xcode 14.0";
			developmentRegion = en;
			hasScannedForEncodings = 0;
			knownRegions = (
				en,
				Base,
			);
			mainGroup = 275A0EA32B1B9FC70026F810;
			productRefGroup = 275A0EAD2B1B9FC70026F810 /* Products */;
			projectDirPath = "";
			projectRoot = "";
			targets = (
				275A0EAB2B1B9FC70026F810 /* That's Me */,
			);
		};
/* End PBXProject section */

/* Begin PBXResourcesBuildPhase section */
		275A0EAA2B1B9FC70026F810 /* Resources */ = {
			isa = PBXResourcesBuildPhase;
			buildActionMask = 2147483647;
			files = (
				275A0EB72B1B9FC80026F810 /* Preview Assets.xcassets in Resources */,
				275A0EB42B1B9FC80026F810 /* Assets.xcassets in Resources */,
			);
			runOnlyForDeploymentPostprocessing = 0;
		};
/* End PBXResourcesBuildPhase section */

/* Begin PBXSourcesBuildPhase section */
		275A0EA82B1B9FC70026F810 /* Sources */ = {
			isa = PBXSourcesBuildPhase;
			buildActionMask = 2147483647;
			files = (
				275A0EB22B1B9FC70026F810 /* ContentView.swift in Sources */,
				275A0EC62B1BA3D70026F810 /* SettingsView.swift in Sources */,
				275A0EB02B1B9FC70026F810 /* That_s_MeApp.swift in Sources */,
				275A0EC42B1BA3CC0026F810 /* CardView.swift in Sources */,
				275A0EC12B1BA2A30026F810 /* Color.swift in Sources */,
			);
			runOnlyForDeploymentPostprocessing = 0;
		};
/* End PBXSourcesBuildPhase section */

/* Begin XCBuildConfiguration section */
		275A0EB82B1B9FC80026F810 /* Debug */ = {
			isa = XCBuildConfiguration;
			buildSettings = {
				ALWAYS_SEARCH_USER_PATHS = NO;
				ASSETCATALOG_COMPILER_GENERATE_SWIFT_ASSET_SYMBOL_EXTENSIONS = YES;
				CLANG_ANALYZER_NONNULL = YES;
				CLANG_ANALYZER_NUMBER_OBJECT_CONVERSION = YES_AGGRESSIVE;
				CLANG_CXX_LANGUAGE_STANDARD = "gnu++20";
				CLANG_ENABLE_MODULES = YES;
				CLANG_ENABLE_OBJC_ARC = YES;
				CLANG_ENABLE_OBJC_WEAK = YES;
				CLANG_WARN_BLOCK_CAPTURE_AUTORELEASING = YES;
				CLANG_WARN_BOOL_CONVERSION = YES;
				CLANG_WARN_COMMA = YES;
				CLANG_WARN_CONSTANT_CONVERSION = YES;
				CLANG_WARN_DEPRECATED_OBJC_IMPLEMENTATIONS = YES;
				CLANG_WARN_DIRECT_OBJC_ISA_USAGE = YES_ERROR;
				CLANG_WARN_DOCUMENTATION_COMMENTS = YES;
				CLANG_WARN_EMPTY_BODY = YES;
				CLANG_WARN_ENUM_CONVERSION = YES;
				CLANG_WARN_INFINITE_RECURSION = YES;
				CLANG_WARN_INT_CONVERSION = YES;
				CLANG_WARN_NON_LITERAL_NULL_CONVERSION = YES;
				CLANG_WARN_OBJC_IMPLICIT_RETAIN_SELF = YES;
				CLANG_WARN_OBJC_LITERAL_CONVERSION = YES;
				CLANG_WARN_OBJC_ROOT_CLASS = YES_ERROR;
				CLANG_WARN_QUOTED_INCLUDE_IN_FRAMEWORK_HEADER = YES;
				CLANG_WARN_RANGE_LOOP_ANALYSIS = YES;
				CLANG_WARN_STRICT_PROTOTYPES = YES;
				CLANG_WARN_SUSPICIOUS_MOVE = YES;
				CLANG_WARN_UNGUARDED_AVAILABILITY = YES_AGGRESSIVE;
				CLANG_WARN_UNREACHABLE_CODE = YES;
				CLANG_WARN__DUPLICATE_METHOD_MATCH = YES;
				COPY_PHASE_STRIP = NO;
				DEBUG_INFORMATION_FORMAT = dwarf;
				ENABLE_STRICT_OBJC_MSGSEND = YES;
				ENABLE_TESTABILITY = YES;
				ENABLE_USER_SCRIPT_SANDBOXING = YES;
				GCC_C_LANGUAGE_STANDARD = gnu17;
				GCC_DYNAMIC_NO_PIC = NO;
				GCC_NO_COMMON_BLOCKS = YES;
				GCC_OPTIMIZATION_LEVEL = 0;
				GCC_PREPROCESSOR_DEFINITIONS = (
					"DEBUG=1",
					"$(inherited)",
				);
				GCC_WARN_64_TO_32_BIT_CONVERSION = YES;
				GCC_WARN_ABOUT_RETURN_TYPE = YES_ERROR;
				GCC_WARN_UNDECLARED_SELECTOR = YES;
				GCC_WARN_UNINITIALIZED_AUTOS = YES_AGGRESSIVE;
				GCC_WARN_UNUSED_FUNCTION = YES;
				GCC_WARN_UNUSED_VARIABLE = YES;
				IPHONEOS_DEPLOYMENT_TARGET = 17.0;
				LOCALIZATION_PREFERS_STRING_CATALOGS = YES;
				MTL_ENABLE_DEBUG_INFO = INCLUDE_SOURCE;
				MTL_FAST_MATH = YES;
				ONLY_ACTIVE_ARCH = YES;
				SDKROOT = iphoneos;
				SWIFT_ACTIVE_COMPILATION_CONDITIONS = "DEBUG $(inherited)";
				SWIFT_OPTIMIZATION_LEVEL = "-Onone";
			};
			name = Debug;
		};
		275A0EB92B1B9FC80026F810 /* Release */ = {
			isa = XCBuildConfiguration;
			buildSettings = {
				ALWAYS_SEARCH_USER_PATHS = NO;
				ASSETCATALOG_COMPILER_GENERATE_SWIFT_ASSET_SYMBOL_EXTENSIONS = YES;
				CLANG_ANALYZER_NONNULL = YES;
				CLANG_ANALYZER_NUMBER_OBJECT_CONVERSION = YES_AGGRESSIVE;
				CLANG_CXX_LANGUAGE_STANDARD = "gnu++20";
				CLANG_ENABLE_MODULES = YES;
				CLANG_ENABLE_OBJC_ARC = YES;
				CLANG_ENABLE_OBJC_WEAK = YES;
				CLANG_WARN_BLOCK_CAPTURE_AUTORELEASING = YES;
				CLANG_WARN_BOOL_CONVERSION = YES;
				CLANG_WARN_COMMA = YES;
				CLANG_WARN_CONSTANT_CONVERSION = YES;
				CLANG_WARN_DEPRECATED_OBJC_IMPLEMENTATIONS = YES;
				CLANG_WARN_DIRECT_OBJC_ISA_USAGE = YES_ERROR;
				CLANG_WARN_DOCUMENTATION_COMMENTS = YES;
				CLANG_WARN_EMPTY_BODY = YES;
				CLANG_WARN_ENUM_CONVERSION = YES;
				CLANG_WARN_INFINITE_RECURSION = YES;
				CLANG_WARN_INT_CONVERSION = YES;
				CLANG_WARN_NON_LITERAL_NULL_CONVERSION = YES;
				CLANG_WARN_OBJC_IMPLICIT_RETAIN_SELF = YES;
				CLANG_WARN_OBJC_LITERAL_CONVERSION = YES;
				CLANG_WARN_OBJC_ROOT_CLASS = YES_ERROR;
				CLANG_WARN_QUOTED_INCLUDE_IN_FRAMEWORK_HEADER = YES;
				CLANG_WARN_RANGE_LOOP_ANALYSIS = YES;
				CLANG_WARN_STRICT_PROTOTYPES = YES;
				CLANG_WARN_SUSPICIOUS_MOVE = YES;
				CLANG_WARN_UNGUARDED_AVAILABILITY = YES_AGGRESSIVE;
				CLANG_WARN_UNREACHABLE_CODE = YES;
				CLANG_WARN__DUPLICATE_METHOD_MATCH = YES;
				COPY_PHASE_STRIP = NO;
				DEBUG_INFORMATION_FORMAT = "dwarf-with-dsym";
				ENABLE_NS_ASSERTIONS = NO;
				ENABLE_STRICT_OBJC_MSGSEND = YES;
				ENABLE_USER_SCRIPT_SANDBOXING = YES;
				GCC_C_LANGUAGE_STANDARD = gnu17;
				GCC_NO_COMMON_BLOCKS = YES;
				GCC_WARN_64_TO_32_BIT_CONVERSION = YES;
				GCC_WARN_ABOUT_RETURN_TYPE = YES_ERROR;
				GCC_WARN_UNDECLARED_SELECTOR = YES;
				GCC_WARN_UNINITIALIZED_AUTOS = YES_AGGRESSIVE;
				GCC_WARN_UNUSED_FUNCTION = YES;
				GCC_WARN_UNUSED_VARIABLE = YES;
				IPHONEOS_DEPLOYMENT_TARGET = 17.0;
				LOCALIZATION_PREFERS_STRING_CATALOGS = YES;
				MTL_ENABLE_DEBUG_INFO = NO;
				MTL_FAST_MATH = YES;
				SDKROOT = iphoneos;
				SWIFT_COMPILATION_MODE = wholemodule;
				VALIDATE_PRODUCT = YES;
			};
			name = Release;
		};
		275A0EBB2B1B9FC80026F810 /* Debug */ = {
			isa = XCBuildConfiguration;
			buildSettings = {
				ASSETCATALOG_COMPILER_APPICON_NAME = AppIcon;
				ASSETCATALOG_COMPILER_GLOBAL_ACCENT_COLOR_NAME = AccentColor;
				CODE_SIGN_STYLE = Automatic;
				CURRENT_PROJECT_VERSION = 1;
				DEVELOPMENT_ASSET_PATHS = "\"That's Me/Preview Content\"";
				DEVELOPMENT_TEAM = K9YT824399;
				ENABLE_PREVIEWS = YES;
				GENERATE_INFOPLIST_FILE = YES;
				INFOPLIST_KEY_UIApplicationSceneManifest_Generation = YES;
				INFOPLIST_KEY_UIApplicationSupportsIndirectInputEvents = YES;
				INFOPLIST_KEY_UILaunchScreen_Generation = YES;
				INFOPLIST_KEY_UISupportedInterfaceOrientations = "UIInterfaceOrientationLandscapeLeft UIInterfaceOrientationLandscapeRight UIInterfaceOrientationPortrait";
				INFOPLIST_KEY_UISupportedInterfaceOrientations_iPad = UIInterfaceOrientationPortrait;
				LD_RUNPATH_SEARCH_PATHS = (
					"$(inherited)",
					"@executable_path/Frameworks",
				);
				MARKETING_VERSION = 1.0;
				PRODUCT_BUNDLE_IDENTIFIER = "com.vintuss.That-s-Me";
				PRODUCT_NAME = "$(TARGET_NAME)";
				SWIFT_EMIT_LOC_STRINGS = YES;
				SWIFT_VERSION = 5.0;
				TARGETED_DEVICE_FAMILY = "1,2";
			};
			name = Debug;
		};
		275A0EBC2B1B9FC80026F810 /* Release */ = {
			isa = XCBuildConfiguration;
			buildSettings = {
				ASSETCATALOG_COMPILER_APPICON_NAME = AppIcon;
				ASSETCATALOG_COMPILER_GLOBAL_ACCENT_COLOR_NAME = AccentColor;
				CODE_SIGN_STYLE = Automatic;
				CURRENT_PROJECT_VERSION = 1;
				DEVELOPMENT_ASSET_PATHS = "\"That's Me/Preview Content\"";
				DEVELOPMENT_TEAM = K9YT824399;
				ENABLE_PREVIEWS = YES;
				GENERATE_INFOPLIST_FILE = YES;
				INFOPLIST_KEY_UIApplicationSceneManifest_Generation = YES;
				INFOPLIST_KEY_UIApplicationSupportsIndirectInputEvents = YES;
				INFOPLIST_KEY_UILaunchScreen_Generation = YES;
				INFOPLIST_KEY_UISupportedInterfaceOrientations = "UIInterfaceOrientationLandscapeLeft UIInterfaceOrientationLandscapeRight UIInterfaceOrientationPortrait";
				INFOPLIST_KEY_UISupportedInterfaceOrientations_iPad = UIInterfaceOrientationPortrait;
				LD_RUNPATH_SEARCH_PATHS = (
					"$(inherited)",
					"@executable_path/Frameworks",
				);
				MARKETING_VERSION = 1.0;
				PRODUCT_BUNDLE_IDENTIFIER = "com.vintuss.That-s-Me";
				PRODUCT_NAME = "$(TARGET_NAME)";
				SWIFT_EMIT_LOC_STRINGS = YES;
				SWIFT_VERSION = 5.0;
				TARGETED_DEVICE_FAMILY = "1,2";
			};
			name = Release;
		};
/* End XCBuildConfiguration section */

/* Begin XCConfigurationList section */
		275A0EA72B1B9FC70026F810 /* Build configuration list for PBXProject "That's Me" */ = {
			isa = XCConfigurationList;
			buildConfigurations = (
				275A0EB82B1B9FC80026F810 /* Debug */,
				275A0EB92B1B9FC80026F810 /* Release */,
			);
			defaultConfigurationIsVisible = 0;
			defaultConfigurationName = Release;
		};
		275A0EBA2B1B9FC80026F810 /* Build configuration list for PBXNativeTarget "That's Me" */ = {
			isa = XCConfigurationList;
			buildConfigurations = (
				275A0EBB2B1B9FC80026F810 /* Debug */,
				275A0EBC2B1B9FC80026F810 /* Release */,
			);
			defaultConfigurationIsVisible = 0;
			defaultConfigurationName = Release;
		};
/* End XCConfigurationList section */
	};
	rootObject = 275A0EA42B1B9FC70026F810 /* Project object */;
}
